# This file is automatically @generated by Cargo.
# It is not intended for manual editing.
[[package]]
name = "cargo-husky"
version = "1.3.0"
source = "registry+https://github.com/rust-lang/crates.io-index"

[[package]]
name = "scoolite"
version = "0.1.0"
dependencies = [
 "cargo-husky 1.3.0 (registry+https://github.com/rust-lang/crates.io-index)",
]

[metadata]
"checksum cargo-husky 1.3.0 (registry+https://github.com/rust-lang/crates.io-index)" = "22f6d8b2af30e25d3ee4d72cdb7a127033ee6ee0ec50b47cdb6737e282797652"
